// !$*UTF8*$!
{
	archiveVersion = 1;
	classes = {
	};
	objectVersion = 50;
	objects = {

/* Begin PBXBuildFile section */
		E699CDC92398B09300949D84 /* Entry.xcdatamodeld in Sources */ = {isa = PBXBuildFile; fileRef = E699CDC72398B09300949D84 /* Entry.xcdatamodeld */; };
		E699CDCB2398B1CB00949D84 /* CoreDataStack.swift in Sources */ = {isa = PBXBuildFile; fileRef = E699CDCA2398B1CB00949D84 /* CoreDataStack.swift */; };
		E6B819DA23989F7200113314 /* AppDelegate.swift in Sources */ = {isa = PBXBuildFile; fileRef = E6B819D923989F7200113314 /* AppDelegate.swift */; };
		E6B819DC23989F7200113314 /* SceneDelegate.swift in Sources */ = {isa = PBXBuildFile; fileRef = E6B819DB23989F7200113314 /* SceneDelegate.swift */; };
		E6B819E123989F7200113314 /* Main.storyboard in Resources */ = {isa = PBXBuildFile; fileRef = E6B819DF23989F7200113314 /* Main.storyboard */; };
		E6B819E323989F7300113314 /* Assets.xcassets in Resources */ = {isa = PBXBuildFile; fileRef = E6B819E223989F7300113314 /* Assets.xcassets */; };
		E6B819E623989F7300113314 /* LaunchScreen.storyboard in Resources */ = {isa = PBXBuildFile; fileRef = E6B819E423989F7300113314 /* LaunchScreen.storyboard */; };
		E6B819EE2398A63900113314 /* EntryDetailViewController.swift in Sources */ = {isa = PBXBuildFile; fileRef = E6B819ED2398A63900113314 /* EntryDetailViewController.swift */; };
		E6B819F02398A65500113314 /* EntriesTableViewController.swift in Sources */ = {isa = PBXBuildFile; fileRef = E6B819EF2398A65500113314 /* EntriesTableViewController.swift */; };
		E6B819F22398A66B00113314 /* EntryTableViewCell.swift in Sources */ = {isa = PBXBuildFile; fileRef = E6B819F12398A66B00113314 /* EntryTableViewCell.swift */; };
/* End PBXBuildFile section */

/* Begin PBXFileReference section */
		E699CDC82398B09300949D84 /* Entry.xcdatamodel */ = {isa = PBXFileReference; lastKnownFileType = wrapper.xcdatamodel; path = Entry.xcdatamodel; sourceTree = "<group>"; };
		E699CDCA2398B1CB00949D84 /* CoreDataStack.swift */ = {isa = PBXFileReference; lastKnownFileType = sourcecode.swift; path = CoreDataStack.swift; sourceTree = "<group>"; };
		E6B819D623989F7200113314 /* Journal.app */ = {isa = PBXFileReference; explicitFileType = wrapper.application; includeInIndex = 0; path = Journal.app; sourceTree = BUILT_PRODUCTS_DIR; };
		E6B819D923989F7200113314 /* AppDelegate.swift */ = {isa = PBXFileReference; lastKnownFileType = sourcecode.swift; path = AppDelegate.swift; sourceTree = "<group>"; };
		E6B819DB23989F7200113314 /* SceneDelegate.swift */ = {isa = PBXFileReference; lastKnownFileType = sourcecode.swift; path = SceneDelegate.swift; sourceTree = "<group>"; };
		E6B819E023989F7200113314 /* Base */ = {isa = PBXFileReference; lastKnownFileType = file.storyboard; name = Base; path = Base.lproj/Main.storyboard; sourceTree = "<group>"; };
		E6B819E223989F7300113314 /* Assets.xcassets */ = {isa = PBXFileReference; lastKnownFileType = folder.assetcatalog; path = Assets.xcassets; sourceTree = "<group>"; };
		E6B819E523989F7300113314 /* Base */ = {isa = PBXFileReference; lastKnownFileType = file.storyboard; name = Base; path = Base.lproj/LaunchScreen.storyboard; sourceTree = "<group>"; };
		E6B819E723989F7300113314 /* Info.plist */ = {isa = PBXFileReference; lastKnownFileType = text.plist.xml; path = Info.plist; sourceTree = "<group>"; };
		E6B819ED2398A63900113314 /* EntryDetailViewController.swift */ = {isa = PBXFileReference; lastKnownFileType = sourcecode.swift; path = EntryDetailViewController.swift; sourceTree = "<group>"; };
		E6B819EF2398A65500113314 /* EntriesTableViewController.swift */ = {isa = PBXFileReference; lastKnownFileType = sourcecode.swift; path = EntriesTableViewController.swift; sourceTree = "<group>"; };
		E6B819F12398A66B00113314 /* EntryTableViewCell.swift */ = {isa = PBXFileReference; lastKnownFileType = sourcecode.swift; path = EntryTableViewCell.swift; sourceTree = "<group>"; };
/* End PBXFileReference section */

/* Begin PBXFrameworksBuildPhase section */
		E6B819D323989F7200113314 /* Frameworks */ = {
			isa = PBXFrameworksBuildPhase;
			buildActionMask = 2147483647;
			files = (
			);
			runOnlyForDeploymentPostprocessing = 0;
		};
/* End PBXFrameworksBuildPhase section */

/* Begin PBXGroup section */
		E6B819CD23989F7200113314 = {
			isa = PBXGroup;
			children = (
				E6B819D823989F7200113314 /* Journal */,
				E6B819D723989F7200113314 /* Products */,
			);
			sourceTree = "<group>";
		};
		E6B819D723989F7200113314 /* Products */ = {
			isa = PBXGroup;
			children = (
				E6B819D623989F7200113314 /* Journal.app */,
			);
			name = Products;
			sourceTree = "<group>";
		};
		E6B819D823989F7200113314 /* Journal */ = {
			isa = PBXGroup;
			children = (
				E6B819F32398A81200113314 /* Model */,
				E6B819F42398A82600113314 /* Model Controller */,
				E6B819F52398A83600113314 /* View Controllers */,
				E6B819F72398A87800113314 /* Storyboards */,
				E6B819F62398A84B00113314 /* Resources */,
			);
			path = Journal;
			sourceTree = "<group>";
		};
		E6B819F32398A81200113314 /* Model */ = {
			isa = PBXGroup;
			children = (
				E699CDC72398B09300949D84 /* Entry.xcdatamodeld */,
				E699CDCA2398B1CB00949D84 /* CoreDataStack.swift */,
			);
			path = Model;
			sourceTree = "<group>";
		};
		E6B819F42398A82600113314 /* Model Controller */ = {
			isa = PBXGroup;
			children = (
			);
			path = "Model Controller";
			sourceTree = "<group>";
		};
		E6B819F52398A83600113314 /* View Controllers */ = {
			isa = PBXGroup;
			children = (
				E6B819ED2398A63900113314 /* EntryDetailViewController.swift */,
				E6B819EF2398A65500113314 /* EntriesTableViewController.swift */,
				E6B819F12398A66B00113314 /* EntryTableViewCell.swift */,
			);
			path = "View Controllers";
			sourceTree = "<group>";
		};
		E6B819F62398A84B00113314 /* Resources */ = {
			isa = PBXGroup;
			children = (
				E6B819DB23989F7200113314 /* SceneDelegate.swift */,
				E6B819D923989F7200113314 /* AppDelegate.swift */,
				E6B819E223989F7300113314 /* Assets.xcassets */,
				E6B819E723989F7300113314 /* Info.plist */,
			);
			path = Resources;
			sourceTree = "<group>";
		};
		E6B819F72398A87800113314 /* Storyboards */ = {
			isa = PBXGroup;
			children = (
				E6B819DF23989F7200113314 /* Main.storyboard */,
				E6B819E423989F7300113314 /* LaunchScreen.storyboard */,
			);
			path = Storyboards;
			sourceTree = "<group>";
		};
/* End PBXGroup section */

/* Begin PBXNativeTarget section */
		E6B819D523989F7200113314 /* Journal */ = {
			isa = PBXNativeTarget;
			buildConfigurationList = E6B819EA23989F7300113314 /* Build configuration list for PBXNativeTarget "Journal" */;
			buildPhases = (
				E6B819D223989F7200113314 /* Sources */,
				E6B819D323989F7200113314 /* Frameworks */,
				E6B819D423989F7200113314 /* Resources */,
			);
			buildRules = (
			);
			dependencies = (
			);
			name = Journal;
			productName = Journal;
			productReference = E6B819D623989F7200113314 /* Journal.app */;
			productType = "com.apple.product-type.application";
		};
/* End PBXNativeTarget section */

/* Begin PBXProject section */
		E6B819CE23989F7200113314 /* Project object */ = {
			isa = PBXProject;
			attributes = {
				LastSwiftUpdateCheck = 1120;
				LastUpgradeCheck = 1120;
				ORGANIZATIONNAME = "Enayatullah Naseri";
				TargetAttributes = {
					E6B819D523989F7200113314 = {
						CreatedOnToolsVersion = 11.2.1;
					};
				};
			};
			buildConfigurationList = E6B819D123989F7200113314 /* Build configuration list for PBXProject "Journal" */;
			compatibilityVersion = "Xcode 9.3";
			developmentRegion = en;
			hasScannedForEncodings = 0;
			knownRegions = (
				en,
				Base,
			);
			mainGroup = E6B819CD23989F7200113314;
			productRefGroup = E6B819D723989F7200113314 /* Products */;
			projectDirPath = "";
			projectRoot = "";
			targets = (
				E6B819D523989F7200113314 /* Journal */,
			);
		};
/* End PBXProject section */

/* Begin PBXResourcesBuildPhase section */
		E6B819D423989F7200113314 /* Resources */ = {
			isa = PBXResourcesBuildPhase;
			buildActionMask = 2147483647;
			files = (
				E6B819E623989F7300113314 /* LaunchScreen.storyboard in Resources */,
				E6B819E323989F7300113314 /* Assets.xcassets in Resources */,
				E6B819E123989F7200113314 /* Main.storyboard in Resources */,
			);
			runOnlyForDeploymentPostprocessing = 0;
		};
/* End PBXResourcesBuildPhase section */

/* Begin PBXSourcesBuildPhase section */
		E6B819D223989F7200113314 /* Sources */ = {
			isa = PBXSourcesBuildPhase;
			buildActionMask = 2147483647;
			files = (
				E699CDCB2398B1CB00949D84 /* CoreDataStack.swift in Sources */,
				E699CDC92398B09300949D84 /* Entry.xcdatamodeld in Sources */,
				E6B819F22398A66B00113314 /* EntryTableViewCell.swift in Sources */,
				E6B819DA23989F7200113314 /* AppDelegate.swift in Sources */,
				E6B819EE2398A63900113314 /* EntryDetailViewController.swift in Sources */,
				E6B819DC23989F7200113314 /* SceneDelegate.swift in Sources */,
				E6B819F02398A65500113314 /* EntriesTableViewController.swift in Sources */,
			);
			runOnlyForDeploymentPostprocessing = 0;
		};
/* End PBXSourcesBuildPhase section */

/* Begin PBXVariantGroup section */
		E6B819DF23989F7200113314 /* Main.storyboard */ = {
			isa = PBXVariantGroup;
			children = (
				E6B819E023989F7200113314 /* Base */,
			);
			name = Main.storyboard;
			sourceTree = "<group>";
		};
		E6B819E423989F7300113314 /* LaunchScreen.storyboard */ = {
			isa = PBXVariantGroup;
			children = (
				E6B819E523989F7300113314 /* Base */,
			);
			name = LaunchScreen.storyboard;
			sourceTree = "<group>";
		};
/* End PBXVariantGroup section */

/* Begin XCBuildConfiguration section */
		E6B819E823989F7300113314 /* Debug */ = {
			isa = XCBuildConfiguration;
			buildSettings = {
				ALWAYS_SEARCH_USER_PATHS = NO;
				CLANG_ANALYZER_NONNULL = YES;
				CLANG_ANALYZER_NUMBER_OBJECT_CONVERSION = YES_AGGRESSIVE;
				CLANG_CXX_LANGUAGE_STANDARD = "gnu++14";
				CLANG_CXX_LIBRARY = "libc++";
				CLANG_ENABLE_MODULES = YES;
				CLANG_ENABLE_OBJC_ARC = YES;
				CLANG_ENABLE_OBJC_WEAK = YES;
				CLANG_WARN_BLOCK_CAPTURE_AUTORELEASING = YES;
				CLANG_WARN_BOOL_CONVERSION = YES;
				CLANG_WARN_COMMA = YES;
				CLANG_WARN_CONSTANT_CONVERSION = YES;
				CLANG_WARN_DEPRECATED_OBJC_IMPLEMENTATIONS = YES;
				CLANG_WARN_DIRECT_OBJC_ISA_USAGE = YES_ERROR;
				CLANG_WARN_DOCUMENTATION_COMMENTS = YES;
				CLANG_WARN_EMPTY_BODY = YES;
				CLANG_WARN_ENUM_CONVERSION = YES;
				CLANG_WARN_INFINITE_RECURSION = YES;
				CLANG_WARN_INT_CONVERSION = YES;
				CLANG_WARN_NON_LITERAL_NULL_CONVERSION = YES;
				CLANG_WARN_OBJC_IMPLICIT_RETAIN_SELF = YES;
				CLANG_WARN_OBJC_LITERAL_CONVERSION = YES;
				CLANG_WARN_OBJC_ROOT_CLASS = YES_ERROR;
				CLANG_WARN_RANGE_LOOP_ANALYSIS = YES;
				CLANG_WARN_STRICT_PROTOTYPES = YES;
				CLANG_WARN_SUSPICIOUS_MOVE = YES;
				CLANG_WARN_UNGUARDED_AVAILABILITY = YES_AGGRESSIVE;
				CLANG_WARN_UNREACHABLE_CODE = YES;
				CLANG_WARN__DUPLICATE_METHOD_MATCH = YES;
				COPY_PHASE_STRIP = NO;
				DEBUG_INFORMATION_FORMAT = dwarf;
				ENABLE_STRICT_OBJC_MSGSEND = YES;
				ENABLE_TESTABILITY = YES;
				GCC_C_LANGUAGE_STANDARD = gnu11;
				GCC_DYNAMIC_NO_PIC = NO;
				GCC_NO_COMMON_BLOCKS = YES;
				GCC_OPTIMIZATION_LEVEL = 0;
				GCC_PREPROCESSOR_DEFINITIONS = (
					"DEBUG=1",
					"$(inherited)",
				);
				GCC_WARN_64_TO_32_BIT_CONVERSION = YES;
				GCC_WARN_ABOUT_RETURN_TYPE = YES_ERROR;
				GCC_WARN_UNDECLARED_SELECTOR = YES;
				GCC_WARN_UNINITIALIZED_AUTOS = YES_AGGRESSIVE;
				GCC_WARN_UNUSED_FUNCTION = YES;
				GCC_WARN_UNUSED_VARIABLE = YES;
				IPHONEOS_DEPLOYMENT_TARGET = 13.2;
				MTL_ENABLE_DEBUG_INFO = INCLUDE_SOURCE;
				MTL_FAST_MATH = YES;
				ONLY_ACTIVE_ARCH = YES;
				SDKROOT = iphoneos;
				SWIFT_ACTIVE_COMPILATION_CONDITIONS = DEBUG;
				SWIFT_OPTIMIZATION_LEVEL = "-Onone";
			};
			name = Debug;
		};
		E6B819E923989F7300113314 /* Release */ = {
			isa = XCBuildConfiguration;
			buildSettings = {
				ALWAYS_SEARCH_USER_PATHS = NO;
				CLANG_ANALYZER_NONNULL = YES;
				CLANG_ANALYZER_NUMBER_OBJECT_CONVERSION = YES_AGGRESSIVE;
				CLANG_CXX_LANGUAGE_STANDARD = "gnu++14";
				CLANG_CXX_LIBRARY = "libc++";
				CLANG_ENABLE_MODULES = YES;
				CLANG_ENABLE_OBJC_ARC = YES;
				CLANG_ENABLE_OBJC_WEAK = YES;
				CLANG_WARN_BLOCK_CAPTURE_AUTORELEASING = YES;
				CLANG_WARN_BOOL_CONVERSION = YES;
				CLANG_WARN_COMMA = YES;
				CLANG_WARN_CONSTANT_CONVERSION = YES;
				CLANG_WARN_DEPRECATED_OBJC_IMPLEMENTATIONS = YES;
				CLANG_WARN_DIRECT_OBJC_ISA_USAGE = YES_ERROR;
				CLANG_WARN_DOCUMENTATION_COMMENTS = YES;
				CLANG_WARN_EMPTY_BODY = YES;
				CLANG_WARN_ENUM_CONVERSION = YES;
				CLANG_WARN_INFINITE_RECURSION = YES;
				CLANG_WARN_INT_CONVERSION = YES;
				CLANG_WARN_NON_LITERAL_NULL_CONVERSION = YES;
				CLANG_WARN_OBJC_IMPLICIT_RETAIN_SELF = YES;
				CLANG_WARN_OBJC_LITERAL_CONVERSION = YES;
				CLANG_WARN_OBJC_ROOT_CLASS = YES_ERROR;
				CLANG_WARN_RANGE_LOOP_ANALYSIS = YES;
				CLANG_WARN_STRICT_PROTOTYPES = YES;
				CLANG_WARN_SUSPICIOUS_MOVE = YES;
				CLANG_WARN_UNGUARDED_AVAILABILITY = YES_AGGRESSIVE;
				CLANG_WARN_UNREACHABLE_CODE = YES;
				CLANG_WARN__DUPLICATE_METHOD_MATCH = YES;
				COPY_PHASE_STRIP = NO;
				DEBUG_INFORMATION_FORMAT = "dwarf-with-dsym";
				ENABLE_NS_ASSERTIONS = NO;
				ENABLE_STRICT_OBJC_MSGSEND = YES;
				GCC_C_LANGUAGE_STANDARD = gnu11;
				GCC_NO_COMMON_BLOCKS = YES;
				GCC_WARN_64_TO_32_BIT_CONVERSION = YES;
				GCC_WARN_ABOUT_RETURN_TYPE = YES_ERROR;
				GCC_WARN_UNDECLARED_SELECTOR = YES;
				GCC_WARN_UNINITIALIZED_AUTOS = YES_AGGRESSIVE;
				GCC_WARN_UNUSED_FUNCTION = YES;
				GCC_WARN_UNUSED_VARIABLE = YES;
				IPHONEOS_DEPLOYMENT_TARGET = 13.2;
				MTL_ENABLE_DEBUG_INFO = NO;
				MTL_FAST_MATH = YES;
				SDKROOT = iphoneos;
				SWIFT_COMPILATION_MODE = wholemodule;
				SWIFT_OPTIMIZATION_LEVEL = "-O";
				VALIDATE_PRODUCT = YES;
			};
			name = Release;
		};
		E6B819EB23989F7300113314 /* Debug */ = {
			isa = XCBuildConfiguration;
			buildSettings = {
				ASSETCATALOG_COMPILER_APPICON_NAME = AppIcon;
				CODE_SIGN_STYLE = Automatic;
				INFOPLIST_FILE = Journal/Resources/Info.plist;
				LD_RUNPATH_SEARCH_PATHS = (
					"$(inherited)",
					"@executable_path/Frameworks",
				);
				PRODUCT_BUNDLE_IDENTIFIER = com.enayatullah.com.Journal;
				PRODUCT_NAME = "$(TARGET_NAME)";
				SWIFT_VERSION = 5.0;
				TARGETED_DEVICE_FAMILY = "1,2";
			};
			name = Debug;
		};
		E6B819EC23989F7300113314 /* Release */ = {
			isa = XCBuildConfiguration;
			buildSettings = {
				ASSETCATALOG_COMPILER_APPICON_NAME = AppIcon;
				CODE_SIGN_STYLE = Automatic;
				INFOPLIST_FILE = Journal/Resources/Info.plist;
				LD_RUNPATH_SEARCH_PATHS = (
					"$(inherited)",
					"@executable_path/Frameworks",
				);
				PRODUCT_BUNDLE_IDENTIFIER = com.enayatullah.com.Journal;
				PRODUCT_NAME = "$(TARGET_NAME)";
				SWIFT_VERSION = 5.0;
				TARGETED_DEVICE_FAMILY = "1,2";
			};
			name = Release;
		};
/* End XCBuildConfiguration section */

/* Begin XCConfigurationList section */
		E6B819D123989F7200113314 /* Build configuration list for PBXProject "Journal" */ = {
			isa = XCConfigurationList;
			buildConfigurations = (
				E6B819E823989F7300113314 /* Debug */,
				E6B819E923989F7300113314 /* Release */,
			);
			defaultConfigurationIsVisible = 0;
			defaultConfigurationName = Release;
		};
		E6B819EA23989F7300113314 /* Build configuration list for PBXNativeTarget "Journal" */ = {
			isa = XCConfigurationList;
			buildConfigurations = (
				E6B819EB23989F7300113314 /* Debug */,
				E6B819EC23989F7300113314 /* Release */,
			);
			defaultConfigurationIsVisible = 0;
			defaultConfigurationName = Release;
		};
/* End XCConfigurationList section */

/* Begin XCVersionGroup section */
		E699CDC72398B09300949D84 /* Entry.xcdatamodeld */ = {
			isa = XCVersionGroup;
			children = (
				E699CDC82398B09300949D84 /* Entry.xcdatamodel */,
			);
			currentVersion = E699CDC82398B09300949D84 /* Entry.xcdatamodel */;
			path = Entry.xcdatamodeld;
			sourceTree = "<group>";
			versionGroupType = wrapper.xcdatamodel;
		};
/* End XCVersionGroup section */
	};
	rootObject = E6B819CE23989F7200113314 /* Project object */;
}
